
Microsoft Visual Studio Solution File, Format Version 12.00
# Visual Studio 15
VisualStudioVersion = 15.0.28307.421
MinimumVisualStudioVersion = 10.0.40219.1
Project("{FAE04EC0-301F-11D3-BF4B-00C04F79EFBC}") = "Assign06", "Assign06\Assign06.csproj", "{20DB7A73-1D77-441E-802B-79730BF68E20}"
EndProject
Project("{FAE04EC0-301F-11D3-BF4B-00C04F79EFBC}") = "BusinessLib", "BusinessLib\BusinessLib.csproj", "{35A5A672-4289-49DB-8A56-18CFFF901839}"
EndProject
Global
	GlobalSection(SolutionConfigurationPlatforms) = preSolution
		Debug|Any CPU = Debug|Any CPU
		Release|Any CPU = Release|Any CPU
	EndGlobalSection
	GlobalSection(ProjectConfigurationPlatforms) = postSolution
		{20DB7A73-1D77-441E-802B-79730BF68E20}.Debug|Any CPU.ActiveCfg = Debug|Any CPU
		{20DB7A73-1D77-441E-802B-79730BF68E20}.Debug|Any CPU.Build.0 = Debug|Any CPU
		{20DB7A73-1D77-441E-802B-79730BF68E20}.Release|Any CPU.ActiveCfg = Release|Any CPU
		{20DB7A73-1D77-441E-802B-79730BF68E20}.Release|Any CPU.Build.0 = Release|Any CPU
		{35A5A672-4289-49DB-8A56-18CFFF901839}.Debug|Any CPU.ActiveCfg = Debug|Any CPU
		{35A5A672-4289-49DB-8A56-18CFFF901839}.Debug|Any CPU.Build.0 = Debug|Any CPU
		{35A5A672-4289-49DB-8A56-18CFFF901839}.Release|Any CPU.ActiveCfg = Release|Any CPU
		{35A5A672-4289-49DB-8A56-18CFFF901839}.Release|Any CPU.Build.0 = Release|Any CPU
	EndGlobalSection
	GlobalSection(SolutionProperties) = preSolution
		HideSolutionNode = FALSE
	EndGlobalSection
	GlobalSection(ExtensibilityGlobals) = postSolution
		SolutionGuid = {6F72605C-9FF7-41A6-B1FE-42EE3BCC4207}
	EndGlobalSection
EndGlobal
